# Generated by pub
# See https://dart.dev/tools/pub/glossary#lockfile
packages:
  async:
    dependency: transitive
    description:
      name: async
      sha256: "6eda8392a48ae1de7ea438c91a4ba3e77205f043e7013102a424863aa6db368f"
      url: "https://pub.dev"
    source: hosted
    version: "2.5.0"
  characters:
    dependency: transitive
    description:
      name: characters
      sha256: f71061c654a3380576a52b451dd5532377954cf9dbd272a78fc8479606670803
      url: "https://pub.dev"
    source: hosted
    version: "1.4.0"
  charcode:
    dependency: transitive
    description:
      name: charcode
      sha256: "8e36feea6de5ea69f2199f29cf42a450a855738c498b57c0b980e2d3cca9c362"
      url: "https://pub.dev"
    source: hosted
    version: "1.2.0"
  collection:
    dependency: transitive
    description:
      name: collection
      sha256: "2f5709ae4d3d59dd8f7cd309b4e023046b57d8a6c82130785d2b0e5868084e76"
      url: "https://pub.dev"
    source: hosted
    version: "1.19.1"
  crypto:
    dependency: transitive
    description:
      name: crypto
      sha256: "8be10341257b613566fdc9fd073c46f7c032ed329b1c732bda17aca29f2366c8"
      url: "https://pub.dev"
    source: hosted
    version: "3.0.0"
  csslib:
    dependency: transitive
    description:
      name: csslib
      sha256: f857285c8dc0b4f2f77b49a1c083ff8c75223a7549de20f3e607df58cf497a43
      url: "https://pub.dev"
    source: hosted
    version: "0.17.0"
  cupertino_icons:
    dependency: "direct main"
    description:
      name: cupertino_icons
      sha256: "1989d917fbe8e6b39806207df5a3fdd3d816cbd090fac2ce26fb45e9a71476e5"
      url: "https://pub.dev"
    source: hosted
    version: "1.0.4"
  flutter:
    dependency: "direct main"
    description: flutter
    source: sdk
    version: "0.0.0"
  html:
    dependency: transitive
    description:
      name: html
      sha256: bfef906cbd4e78ef49ae511d9074aebd1d2251482ef601a280973e8b58b51bbf
      url: "https://pub.dev"
    source: hosted
    version: "0.15.0"
  material_color_utilities:
    dependency: transitive
    description:
      name: material_color_utilities
      sha256: f7142bb1154231d7ea5f96bc7bde4bda2a0945d2806bb11670e30b850d56bdec
      url: "https://pub.dev"
    source: hosted
    version: "0.11.1"
  meta:
    dependency: transitive
    description:
      name: meta
      sha256: e3641ec5d63ebf0d9b41bd43201a66e3fc79a65db5f61fc181f04cd27aab950c
      url: "https://pub.dev"
    source: hosted
    version: "1.16.0"
  path:
    dependency: transitive
    description:
      name: path
      sha256: "2ad4cddff7f5cc0e2d13069f2a3f7a73ca18f66abd6f5ecf215219cdb3638edb"
      url: "https://pub.dev"
    source: hosted
    version: "1.8.0"
  sky_engine:
    dependency: transitive
    description: flutter
    source: sdk
    version: "0.0.0"
  source_span:
    dependency: transitive
    description:
      name: source_span
      sha256: d5f89a9e52b36240a80282b3dc0667dd36e53459717bb17b8fb102d30496606a
      url: "https://pub.dev"
    source: hosted
    version: "1.8.1"
  term_glyph:
    dependency: transitive
    description:
      name: term_glyph
      sha256: a88162591b02c1f3a3db3af8ce1ea2b374bd75a7bb8d5e353bcfbdc79d719830
      url: "https://pub.dev"
    source: hosted
    version: "1.2.0"
  typed_data:
    dependency: transitive
    description:
      name: typed_data
      sha256: "53bdf7e979cfbf3e28987552fd72f637e63f3c8724c9e56d9246942dc2fa36ee"
      url: "https://pub.dev"
    source: hosted
    version: "1.3.0"
  universal_html:
    dependency: "direct main"
    description:
      name: universal_html
      sha256: "5ff50b7c14d201421cf5230ec389a0591c4deb5c817c9d7ccca3b26fe5f31e34"
      url: "https://pub.dev"
    source: hosted
    version: "2.0.8"
  universal_io:
    dependency: transitive
    description:
      name: universal_io
      sha256: ee2ecc7c9a9817588ccde39d91beb00c763d435735ba43dac2e252da98bc6f23
      url: "https://pub.dev"
    source: hosted
    version: "2.0.3"
  vector_math:
    dependency: transitive
    description:
      name: vector_math
      sha256: "80b3257d1492ce4d091729e3a67a60407d227c27241d6927be0130c98e741803"
      url: "https://pub.dev"
    source: hosted
    version: "2.1.4"
  web:
    dependency: transitive
    description:
      name: web
      sha256: "868d88a33d8a87b18ffc05f9f030ba328ffefba92d6c127917a2ba740f9cfe4a"
      url: "https://pub.dev"
    source: hosted
    version: "1.1.1"
  web_browser_detect:
    dependency: "direct main"
    description:
      path: ".."
      relative: true
    source: path
    version: "2.1.0"
sdks:
  dart: ">=3.7.0-0 <4.0.0"
  flutter: ">=3.0.0"
